github.com/golang/protobuf v0.0.0-20160106020635-2402d76f3d41 h1:BIDtr9YECqqvixqxNnfN1Dp4dlRZB2nS68tywI+YZj4=
github.com/golang/protobuf v0.0.0-20160106020635-2402d76f3d41/go.mod h1:6lQm79b+lXiMfvg/cZm0SGofjICqVBUtrP5yJMmIC1U=
github.com/google/go-github v2.0.1-0.20170114190101-cec1afe99df6+incompatible h1:+izJGcN+cWnhi+f6YnX4G9BUMxKMPMdgZJ2k2+5aj5o=
github.com/google/go-github v2.0.1-0.20170114190101-cec1afe99df6+incompatible/go.mod h1:zLgOLi98H3fifZn+44m+umXrS52loVEgC2AApnigrVQ=
github.com/google/go-querystring v0.0.0-20170111101155-53e6ce116135 h1:zLTLjkaOFEFIOxY5BWLFLwh+cL8vOBW4XJ2aqLE/Tf0=
github.com/google/go-querystring v0.0.0-20170111101155-53e6ce116135/go.mod h1:odCYkC5MyYFN7vkCjXpyrEuKhc/BUO6wN/zVPAxq5ck=
github.com/inconshreveable/mousetrap v1.0.0 h1:Z8tu5sraLXCXIcARxBp/8cbvlwVa7Z1NHg9XEKhtSvM=
github.com/inconshreveable/mousetrap v1.0.0/go.mod h1:PxqpIevigyE2G7u3NXJIT2ANytuPF1OarO4DADm73n8=
github.com/spf13/cobra v0.0.0-20161222151250-de09d9ce07d0 h1:jEcdExmOKcFeyVnJyfBfTiLay1mKN/VKDdZ0iR9+Fgk=
github.com/spf13/cobra v0.0.0-20161222151250-de09d9ce07d0/go.mod h1:1l0Ry5zgKvJasoi3XT1TypsSe7PqH0Sj9dhYf7v3XqQ=
github.com/spf13/pflag v0.0.0-20161214044949-25f8b5b07aec h1:TbHTFKnUYKG4v1xUP1vkxBvg23NAK3wailYVzDRKnTA=
github.com/spf13/pflag v0.0.0-20161214044949-25f8b5b07aec/go.mod h1:DYY7MBk1bdzusC3SYhjObp+wFpr4gzcvqqNjLnInEg4=
golang.org/x/net v0.0.0-20160126033523-f315505cf334 h1:TUmEkOSSnKLH69ouTtjMxfkRrhs65JmJ61O6KjDVgPg=
golang.org/x/net v0.0.0-20160126033523-f315505cf334/go.mod h1:mL1N/T3taQHkDXs73rZJwtUhF3w3ftmwwsq0BUmARs4=
golang.org/x/oauth2 v0.0.0-20160902055913-3c3a985cb79f h1:VWt05OS3Al9w09GSPgltoHP90whAHlpik/Bys7HVEDE=
golang.org/x/oauth2 v0.0.0-20160902055913-3c3a985cb79f/go.mod h1:N/0e6XlmueqKjAGxoOufVs8QHGRruUQn6yWY3a++T0U=
google.golang.org/appengine v0.0.0-20160823001527-4f7eeb5305a4 h1:WsXqDh29vwFPO3bhLP8QUL8uCcYISVMAMqbzqwaP8L0=
google.golang.org/appengine v0.0.0-20160823001527-4f7eeb5305a4/go.mod h1:EbEs0AVv82hx2wNQdGPgUI5lhzA/G0D9YwlJXL52JkM=
