# This file is autogenerated, do not edit; changes may be undone by the next 'dep ensure'.


[[projects]]
  digest = "1:d79fbd3d80f069826fe0becfc84e32658dbb909dcadc6d7e121acad6054c5956"
  name = "github.com/golang/protobuf"
  packages = ["proto"]
  pruneopts = "UT"
  revision = "2402d76f3d41f928c7902a765dfc872356dd3aad"

[[projects]]
  digest = "1:701d53db4d94138269af05b1f1fc92d327894d5a5065918745e6563ffe9c86d5"
  name = "github.com/google/go-github"
  packages = ["github"]
  pruneopts = "UT"
  revision = "cec1afe99df659573e7220907135778489b4da91"

[[projects]]
  digest = "1:a63cff6b5d8b95638bfe300385d93b2a6d9d687734b863da8e09dc834510a690"
  name = "github.com/google/go-querystring"
  packages = ["query"]
  pruneopts = "UT"
  revision = "53e6ce116135b80d037921a7fdd5138cf32d7a8a"

[[projects]]
  digest = "1:870d441fe217b8e689d7949fef6e43efbc787e50f200cb1e70dbca9204a1d6be"
  name = "github.com/inconshreveable/mousetrap"
  packages = ["."]
  pruneopts = "UT"
  revision = "76626ae9c91c4f2a10f34cad8ce83ea42c93bb75"
  version = "v1.0"

[[projects]]
  digest = "1:06e5a2e79e4c53670ca9a6a69e1df2dd825090209cebe99bf1d8d0a6d38c448d"
  name = "github.com/spf13/cobra"
  packages = ["."]
  pruneopts = "UT"
  revision = "de09d9ce07d0d8a74442cfeaa91628cf9492cc23"

[[projects]]
  digest = "1:618077e4176a1e95227b7fa94bc6443fdaa0c6f726501094590de4f5b6151222"
  name = "github.com/spf13/pflag"
  packages = ["."]
  pruneopts = "UT"
  revision = "25f8b5b07aece3207895bf19f7ab517eb3b22a40"

[[projects]]
  digest = "1:c8904037a371cbf41a32bcda3c4c244bb71fb32e2cb4006457a4c3a897990783"
  name = "golang.org/x/net"
  packages = ["context"]
  pruneopts = "UT"
  revision = "f315505cf3349909cdf013ea56690da34e96a451"

[[projects]]
  digest = "1:4ad7d9453f80a570bbfe0406f288a555d91050950471cd534824ef34c60bf251"
  name = "golang.org/x/oauth2"
  packages = [
    ".",
    "internal",
  ]
  pruneopts = "UT"
  revision = "3c3a985cb79f52a3190fbc056984415ca6763d01"

[[projects]]
  digest = "1:9cf45e754ab2dff5f53a553e6948b994ff738e4d1092ca608dcada945d8be0ef"
  name = "google.golang.org/appengine"
  packages = [
    "internal",
    "internal/base",
    "internal/datastore",
    "internal/log",
    "internal/remote_api",
    "internal/urlfetch",
    "urlfetch",
  ]
  pruneopts = "UT"
  revision = "4f7eeb5305a4ba1966344836ba4af9996b7b4e05"

[solve-meta]
  analyzer-name = "dep"
  analyzer-version = 1
  input-imports = [
    "github.com/google/go-github/github",
    "github.com/spf13/cobra",
    "golang.org/x/oauth2",
  ]
  solver-name = "gps-cdcl"
  solver-version = 1
